
Microsoft Visual Studio Solution File, Format Version 12.00
# Visual Studio Version 17
VisualStudioVersion = 17.11.35017.193
MinimumVisualStudioVersion = 10.0.40219.1
Project("{FAE04EC0-301F-11D3-BF4B-00C04F79EFBC}") = "Piramide", "TreinoPiramide\Piramide.csproj", "{6A6E45CE-1BE3-4859-848F-9901B6224B20}"
EndProject
Global
	GlobalSection(SolutionConfigurationPlatforms) = preSolution
		Debug|Any CPU = Debug|Any CPU
		Release|Any CPU = Release|Any CPU
	EndGlobalSection
	GlobalSection(ProjectConfigurationPlatforms) = postSolution
		{6A6E45CE-1BE3-4859-848F-9901B6224B20}.Debug|Any CPU.ActiveCfg = Debug|Any CPU
		{6A6E45CE-1BE3-4859-848F-9901B6224B20}.Debug|Any CPU.Build.0 = Debug|Any CPU
		{6A6E45CE-1BE3-4859-848F-9901B6224B20}.Release|Any CPU.ActiveCfg = Release|Any CPU
		{6A6E45CE-1BE3-4859-848F-9901B6224B20}.Release|Any CPU.Build.0 = Release|Any CPU
	EndGlobalSection
	GlobalSection(SolutionProperties) = preSolution
		HideSolutionNode = FALSE
	EndGlobalSection
	GlobalSection(ExtensibilityGlobals) = postSolution
		SolutionGuid = {D56EE85E-0908-42EC-B6F9-1484B6A76ABE}
	EndGlobalSection
EndGlobal
